
Microsoft Visual Studio Solution File, Format Version 12.00
# Visual Studio Version 17
VisualStudioVersion = 17.5.33627.172
MinimumVisualStudioVersion = 10.0.40219.1
Project("{FAE04EC0-301F-11D3-BF4B-00C04F79EFBC}") = "AzureAdWebAppVs", "AzureAdWebAppVs\AzureAdWebAppVs.csproj", "{91787AA1-DCEF-4FA0-9547-395160C8DD32}"
EndProject
Global
	GlobalSection(SolutionConfigurationPlatforms) = preSolution
		Debug|Any CPU = Debug|Any CPU
		Release|Any CPU = Release|Any CPU
	EndGlobalSection
	GlobalSection(ProjectConfigurationPlatforms) = postSolution
		{91787AA1-DCEF-4FA0-9547-395160C8DD32}.Debug|Any CPU.ActiveCfg = Debug|Any CPU
		{91787AA1-DCEF-4FA0-9547-395160C8DD32}.Debug|Any CPU.Build.0 = Debug|Any CPU
		{91787AA1-DCEF-4FA0-9547-395160C8DD32}.Release|Any CPU.ActiveCfg = Release|Any CPU
		{91787AA1-DCEF-4FA0-9547-395160C8DD32}.Release|Any CPU.Build.0 = Release|Any CPU
	EndGlobalSection
	GlobalSection(SolutionProperties) = preSolution
		HideSolutionNode = FALSE
	EndGlobalSection
	GlobalSection(ExtensibilityGlobals) = postSolution
		SolutionGuid = {9B353850-F7F8-4FC7-9BEC-4C6BA1F05F2E}
	EndGlobalSection
EndGlobal
