
Microsoft Visual Studio Solution File, Format Version 12.00
# Visual Studio Version 17
VisualStudioVersion = 17.3.32929.385
MinimumVisualStudioVersion = 10.0.40219.1
Project("{9A19103F-16F7-4668-BE54-9A1E7A4F7556}") = "WaterCooler.Teams", "WaterCooler.Teams.csproj", "{A12BF5BD-B50E-4523-ADDB-E3BDC14776BD}"
EndProject
Global
	GlobalSection(SolutionConfigurationPlatforms) = preSolution
		Debug|Any CPU = Debug|Any CPU
		Release|Any CPU = Release|Any CPU
	EndGlobalSection
	GlobalSection(ProjectConfigurationPlatforms) = postSolution
		{A12BF5BD-B50E-4523-ADDB-E3BDC14776BD}.Debug|Any CPU.ActiveCfg = Debug|Any CPU
		{A12BF5BD-B50E-4523-ADDB-E3BDC14776BD}.Debug|Any CPU.Build.0 = Debug|Any CPU
		{A12BF5BD-B50E-4523-ADDB-E3BDC14776BD}.Debug|Any CPU.Deploy.0 = Debug|Any CPU
		{A12BF5BD-B50E-4523-ADDB-E3BDC14776BD}.Release|Any CPU.ActiveCfg = Release|Any CPU
		{A12BF5BD-B50E-4523-ADDB-E3BDC14776BD}.Release|Any CPU.Build.0 = Release|Any CPU
		{A12BF5BD-B50E-4523-ADDB-E3BDC14776BD}.Release|Any CPU.Deploy.0 = Release|Any CPU
	EndGlobalSection
	GlobalSection(SolutionProperties) = preSolution
		HideSolutionNode = FALSE
	EndGlobalSection
	GlobalSection(ExtensibilityGlobals) = postSolution
		SolutionGuid = {64253317-91C5-44B0-B325-5A450BA614B4}
	EndGlobalSection
EndGlobal
